// !$*UTF8*$!
{
	archiveVersion = 1;
	classes = {
	};
	objectVersion = 56;
	objects = {

/* Begin PBXBuildFile section */
		8F943BD42B5D02BE00671C93 /* TicTacToeApp.swift in Sources */ = {isa = PBXBuildFile; fileRef = 8F943BD32B5D02BE00671C93 /* TicTacToeApp.swift */; };
		8F943BD62B5D02BE00671C93 /* GameView.swift in Sources */ = {isa = PBXBuildFile; fileRef = 8F943BD52B5D02BE00671C93 /* GameView.swift */; };
		8F943BD82B5D02C000671C93 /* Assets.xcassets in Resources */ = {isa = PBXBuildFile; fileRef = 8F943BD72B5D02C000671C93 /* Assets.xcassets */; };
		8F943BDB2B5D02C000671C93 /* Preview Assets.xcassets in Resources */ = {isa = PBXBuildFile; fileRef = 8F943BDA2B5D02C000671C93 /* Preview Assets.xcassets */; };
		8F943BE32B5D034500671C93 /* BoardView.swift in Sources */ = {isa = PBXBuildFile; fileRef = 8F943BE22B5D034500671C93 /* BoardView.swift */; };
		8F943BE62B5D036E00671C93 /* GameBoardDataModel.swift in Sources */ = {isa = PBXBuildFile; fileRef = 8F943BE52B5D036E00671C93 /* GameBoardDataModel.swift */; };
		8F943BE82B5D03CC00671C93 /* BlockState.swift in Sources */ = {isa = PBXBuildFile; fileRef = 8F943BE72B5D03CC00671C93 /* BlockState.swift */; };
		8F943BEA2B5EA0CD00671C93 /* GridBlockView.swift in Sources */ = {isa = PBXBuildFile; fileRef = 8F943BE92B5EA0CD00671C93 /* GridBlockView.swift */; };
		8F943BEC2B5EC7B100671C93 /* MoveState.swift in Sources */ = {isa = PBXBuildFile; fileRef = 8F943BEB2B5EC7B100671C93 /* MoveState.swift */; };
		8F943BEE2B63D94A00671C93 /* GameResultView.swift in Sources */ = {isa = PBXBuildFile; fileRef = 8F943BED2B63D94A00671C93 /* GameResultView.swift */; };
		8FE11A932B6F786900C366CA /* PlayersListView.swift in Sources */ = {isa = PBXBuildFile; fileRef = 8FE11A922B6F786900C366CA /* PlayersListView.swift */; };
		8FE11A952B6F78EE00C366CA /* MainView.swift in Sources */ = {isa = PBXBuildFile; fileRef = 8FE11A942B6F78EE00C366CA /* MainView.swift */; };
		8FE11A992B6F7FD200C366CA /* GameViewState.swift in Sources */ = {isa = PBXBuildFile; fileRef = 8FE11A982B6F7FD200C366CA /* GameViewState.swift */; };
/* End PBXBuildFile section */

/* Begin PBXFileReference section */
		8F943BD02B5D02BE00671C93 /* TicTacToe.app */ = {isa = PBXFileReference; explicitFileType = wrapper.application; includeInIndex = 0; path = TicTacToe.app; sourceTree = BUILT_PRODUCTS_DIR; };
		8F943BD32B5D02BE00671C93 /* TicTacToeApp.swift */ = {isa = PBXFileReference; lastKnownFileType = sourcecode.swift; path = TicTacToeApp.swift; sourceTree = "<group>"; };
		8F943BD52B5D02BE00671C93 /* GameView.swift */ = {isa = PBXFileReference; lastKnownFileType = sourcecode.swift; path = GameView.swift; sourceTree = "<group>"; };
		8F943BD72B5D02C000671C93 /* Assets.xcassets */ = {isa = PBXFileReference; lastKnownFileType = folder.assetcatalog; path = Assets.xcassets; sourceTree = "<group>"; };
		8F943BDA2B5D02C000671C93 /* Preview Assets.xcassets */ = {isa = PBXFileReference; lastKnownFileType = folder.assetcatalog; path = "Preview Assets.xcassets"; sourceTree = "<group>"; };
		8F943BE22B5D034500671C93 /* BoardView.swift */ = {isa = PBXFileReference; lastKnownFileType = sourcecode.swift; path = BoardView.swift; sourceTree = "<group>"; };
		8F943BE52B5D036E00671C93 /* GameBoardDataModel.swift */ = {isa = PBXFileReference; lastKnownFileType = sourcecode.swift; path = GameBoardDataModel.swift; sourceTree = "<group>"; };
		8F943BE72B5D03CC00671C93 /* BlockState.swift */ = {isa = PBXFileReference; lastKnownFileType = sourcecode.swift; path = BlockState.swift; sourceTree = "<group>"; };
		8F943BE92B5EA0CD00671C93 /* GridBlockView.swift */ = {isa = PBXFileReference; lastKnownFileType = sourcecode.swift; path = GridBlockView.swift; sourceTree = "<group>"; };
		8F943BEB2B5EC7B100671C93 /* MoveState.swift */ = {isa = PBXFileReference; lastKnownFileType = sourcecode.swift; path = MoveState.swift; sourceTree = "<group>"; };
		8F943BED2B63D94A00671C93 /* GameResultView.swift */ = {isa = PBXFileReference; lastKnownFileType = sourcecode.swift; path = GameResultView.swift; sourceTree = "<group>"; };
		8FE11A922B6F786900C366CA /* PlayersListView.swift */ = {isa = PBXFileReference; lastKnownFileType = sourcecode.swift; path = PlayersListView.swift; sourceTree = "<group>"; };
		8FE11A942B6F78EE00C366CA /* MainView.swift */ = {isa = PBXFileReference; lastKnownFileType = sourcecode.swift; path = MainView.swift; sourceTree = "<group>"; };
		8FE11A982B6F7FD200C366CA /* GameViewState.swift */ = {isa = PBXFileReference; lastKnownFileType = sourcecode.swift; path = GameViewState.swift; sourceTree = "<group>"; };
/* End PBXFileReference section */

/* Begin PBXFrameworksBuildPhase section */
		8F943BCD2B5D02BE00671C93 /* Frameworks */ = {
			isa = PBXFrameworksBuildPhase;
			buildActionMask = 2147483647;
			files = (
			);
			runOnlyForDeploymentPostprocessing = 0;
		};
/* End PBXFrameworksBuildPhase section */

/* Begin PBXGroup section */
		8F943BC72B5D02BE00671C93 = {
			isa = PBXGroup;
			children = (
				8F943BD22B5D02BE00671C93 /* TicTacToe */,
				8F943BD12B5D02BE00671C93 /* Products */,
			);
			sourceTree = "<group>";
		};
		8F943BD12B5D02BE00671C93 /* Products */ = {
			isa = PBXGroup;
			children = (
				8F943BD02B5D02BE00671C93 /* TicTacToe.app */,
			);
			name = Products;
			sourceTree = "<group>";
		};
		8F943BD22B5D02BE00671C93 /* TicTacToe */ = {
			isa = PBXGroup;
			children = (
				8F943BE42B5D035D00671C93 /* Models */,
				8F943BE12B5D032400671C93 /* Views */,
				8F943BD32B5D02BE00671C93 /* TicTacToeApp.swift */,
				8F943BD72B5D02C000671C93 /* Assets.xcassets */,
				8F943BD92B5D02C000671C93 /* Preview Content */,
			);
			path = TicTacToe;
			sourceTree = "<group>";
		};
		8F943BD92B5D02C000671C93 /* Preview Content */ = {
			isa = PBXGroup;
			children = (
				8F943BDA2B5D02C000671C93 /* Preview Assets.xcassets */,
			);
			path = "Preview Content";
			sourceTree = "<group>";
		};
		8F943BE12B5D032400671C93 /* Views */ = {
			isa = PBXGroup;
			children = (
				8F943BD52B5D02BE00671C93 /* GameView.swift */,
				8F943BE22B5D034500671C93 /* BoardView.swift */,
				8F943BE92B5EA0CD00671C93 /* GridBlockView.swift */,
				8F943BED2B63D94A00671C93 /* GameResultView.swift */,
				8FE11A922B6F786900C366CA /* PlayersListView.swift */,
				8FE11A942B6F78EE00C366CA /* MainView.swift */,
			);
			path = Views;
			sourceTree = "<group>";
		};
		8F943BE42B5D035D00671C93 /* Models */ = {
			isa = PBXGroup;
			children = (
				8F943BE52B5D036E00671C93 /* GameBoardDataModel.swift */,
				8F943BE72B5D03CC00671C93 /* BlockState.swift */,
				8F943BEB2B5EC7B100671C93 /* MoveState.swift */,
				8FE11A982B6F7FD200C366CA /* GameViewState.swift */,
			);
			path = Models;
			sourceTree = "<group>";
		};
/* End PBXGroup section */

/* Begin PBXNativeTarget section */
		8F943BCF2B5D02BE00671C93 /* TicTacToe */ = {
			isa = PBXNativeTarget;
			buildConfigurationList = 8F943BDE2B5D02C000671C93 /* Build configuration list for PBXNativeTarget "TicTacToe" */;
			buildPhases = (
				8F943BCC2B5D02BE00671C93 /* Sources */,
				8F943BCD2B5D02BE00671C93 /* Frameworks */,
				8F943BCE2B5D02BE00671C93 /* Resources */,
			);
			buildRules = (
			);
			dependencies = (
			);
			name = TicTacToe;
			productName = TicTacToe;
			productReference = 8F943BD02B5D02BE00671C93 /* TicTacToe.app */;
			productType = "com.apple.product-type.application";
		};
/* End PBXNativeTarget section */

/* Begin PBXProject section */
		8F943BC82B5D02BE00671C93 /* Project object */ = {
			isa = PBXProject;
			attributes = {
				BuildIndependentTargetsInParallel = 1;
				LastSwiftUpdateCheck = 1500;
				LastUpgradeCheck = 1500;
				TargetAttributes = {
					8F943BCF2B5D02BE00671C93 = {
						CreatedOnToolsVersion = 15.0;
					};
				};
			};
			buildConfigurationList = 8F943BCB2B5D02BE00671C93 /* Build configuration list for PBXProject "TicTacToe" */;
			compatibilityVersion = "Xcode 14.0";
			developmentRegion = en;
			hasScannedForEncodings = 0;
			knownRegions = (
				en,
				Base,
			);
			mainGroup = 8F943BC72B5D02BE00671C93;
			productRefGroup = 8F943BD12B5D02BE00671C93 /* Products */;
			projectDirPath = "";
			projectRoot = "";
			targets = (
				8F943BCF2B5D02BE00671C93 /* TicTacToe */,
			);
		};
/* End PBXProject section */

/* Begin PBXResourcesBuildPhase section */
		8F943BCE2B5D02BE00671C93 /* Resources */ = {
			isa = PBXResourcesBuildPhase;
			buildActionMask = 2147483647;
			files = (
				8F943BDB2B5D02C000671C93 /* Preview Assets.xcassets in Resources */,
				8F943BD82B5D02C000671C93 /* Assets.xcassets in Resources */,
			);
			runOnlyForDeploymentPostprocessing = 0;
		};
/* End PBXResourcesBuildPhase section */

/* Begin PBXSourcesBuildPhase section */
		8F943BCC2B5D02BE00671C93 /* Sources */ = {
			isa = PBXSourcesBuildPhase;
			buildActionMask = 2147483647;
			files = (
				8F943BEA2B5EA0CD00671C93 /* GridBlockView.swift in Sources */,
				8FE11A992B6F7FD200C366CA /* GameViewState.swift in Sources */,
				8F943BE62B5D036E00671C93 /* GameBoardDataModel.swift in Sources */,
				8FE11A932B6F786900C366CA /* PlayersListView.swift in Sources */,
				8FE11A952B6F78EE00C366CA /* MainView.swift in Sources */,
				8F943BE82B5D03CC00671C93 /* BlockState.swift in Sources */,
				8F943BEE2B63D94A00671C93 /* GameResultView.swift in Sources */,
				8F943BEC2B5EC7B100671C93 /* MoveState.swift in Sources */,
				8F943BE32B5D034500671C93 /* BoardView.swift in Sources */,
				8F943BD62B5D02BE00671C93 /* GameView.swift in Sources */,
				8F943BD42B5D02BE00671C93 /* TicTacToeApp.swift in Sources */,
			);
			runOnlyForDeploymentPostprocessing = 0;
		};
/* End PBXSourcesBuildPhase section */

/* Begin XCBuildConfiguration section */
		8F943BDC2B5D02C000671C93 /* Debug */ = {
			isa = XCBuildConfiguration;
			buildSettings = {
				ALWAYS_SEARCH_USER_PATHS = NO;
				ASSETCATALOG_COMPILER_GENERATE_SWIFT_ASSET_SYMBOL_EXTENSIONS = YES;
				CLANG_ANALYZER_NONNULL = YES;
				CLANG_ANALYZER_NUMBER_OBJECT_CONVERSION = YES_AGGRESSIVE;
				CLANG_CXX_LANGUAGE_STANDARD = "gnu++20";
				CLANG_ENABLE_MODULES = YES;
				CLANG_ENABLE_OBJC_ARC = YES;
				CLANG_ENABLE_OBJC_WEAK = YES;
				CLANG_WARN_BLOCK_CAPTURE_AUTORELEASING = YES;
				CLANG_WARN_BOOL_CONVERSION = YES;
				CLANG_WARN_COMMA = YES;
				CLANG_WARN_CONSTANT_CONVERSION = YES;
				CLANG_WARN_DEPRECATED_OBJC_IMPLEMENTATIONS = YES;
				CLANG_WARN_DIRECT_OBJC_ISA_USAGE = YES_ERROR;
				CLANG_WARN_DOCUMENTATION_COMMENTS = YES;
				CLANG_WARN_EMPTY_BODY = YES;
				CLANG_WARN_ENUM_CONVERSION = YES;
				CLANG_WARN_INFINITE_RECURSION = YES;
				CLANG_WARN_INT_CONVERSION = YES;
				CLANG_WARN_NON_LITERAL_NULL_CONVERSION = YES;
				CLANG_WARN_OBJC_IMPLICIT_RETAIN_SELF = YES;
				CLANG_WARN_OBJC_LITERAL_CONVERSION = YES;
				CLANG_WARN_OBJC_ROOT_CLASS = YES_ERROR;
				CLANG_WARN_QUOTED_INCLUDE_IN_FRAMEWORK_HEADER = YES;
				CLANG_WARN_RANGE_LOOP_ANALYSIS = YES;
				CLANG_WARN_STRICT_PROTOTYPES = YES;
				CLANG_WARN_SUSPICIOUS_MOVE = YES;
				CLANG_WARN_UNGUARDED_AVAILABILITY = YES_AGGRESSIVE;
				CLANG_WARN_UNREACHABLE_CODE = YES;
				CLANG_WARN__DUPLICATE_METHOD_MATCH = YES;
				COPY_PHASE_STRIP = NO;
				DEBUG_INFORMATION_FORMAT = dwarf;
				ENABLE_STRICT_OBJC_MSGSEND = YES;
				ENABLE_TESTABILITY = YES;
				ENABLE_USER_SCRIPT_SANDBOXING = YES;
				GCC_C_LANGUAGE_STANDARD = gnu17;
				GCC_DYNAMIC_NO_PIC = NO;
				GCC_NO_COMMON_BLOCKS = YES;
				GCC_OPTIMIZATION_LEVEL = 0;
				GCC_PREPROCESSOR_DEFINITIONS = (
					"DEBUG=1",
					"$(inherited)",
				);
				GCC_WARN_64_TO_32_BIT_CONVERSION = YES;
				GCC_WARN_ABOUT_RETURN_TYPE = YES_ERROR;
				GCC_WARN_UNDECLARED_SELECTOR = YES;
				GCC_WARN_UNINITIALIZED_AUTOS = YES_AGGRESSIVE;
				GCC_WARN_UNUSED_FUNCTION = YES;
				GCC_WARN_UNUSED_VARIABLE = YES;
				IPHONEOS_DEPLOYMENT_TARGET = 17.0;
				LOCALIZATION_PREFERS_STRING_CATALOGS = YES;
				MTL_ENABLE_DEBUG_INFO = INCLUDE_SOURCE;
				MTL_FAST_MATH = YES;
				ONLY_ACTIVE_ARCH = YES;
				SDKROOT = iphoneos;
				SWIFT_ACTIVE_COMPILATION_CONDITIONS = "DEBUG $(inherited)";
				SWIFT_OPTIMIZATION_LEVEL = "-Onone";
			};
			name = Debug;
		};
		8F943BDD2B5D02C000671C93 /* Release */ = {
			isa = XCBuildConfiguration;
			buildSettings = {
				ALWAYS_SEARCH_USER_PATHS = NO;
				ASSETCATALOG_COMPILER_GENERATE_SWIFT_ASSET_SYMBOL_EXTENSIONS = YES;
				CLANG_ANALYZER_NONNULL = YES;
				CLANG_ANALYZER_NUMBER_OBJECT_CONVERSION = YES_AGGRESSIVE;
				CLANG_CXX_LANGUAGE_STANDARD = "gnu++20";
				CLANG_ENABLE_MODULES = YES;
				CLANG_ENABLE_OBJC_ARC = YES;
				CLANG_ENABLE_OBJC_WEAK = YES;
				CLANG_WARN_BLOCK_CAPTURE_AUTORELEASING = YES;
				CLANG_WARN_BOOL_CONVERSION = YES;
				CLANG_WARN_COMMA = YES;
				CLANG_WARN_CONSTANT_CONVERSION = YES;
				CLANG_WARN_DEPRECATED_OBJC_IMPLEMENTATIONS = YES;
				CLANG_WARN_DIRECT_OBJC_ISA_USAGE = YES_ERROR;
				CLANG_WARN_DOCUMENTATION_COMMENTS = YES;
				CLANG_WARN_EMPTY_BODY = YES;
				CLANG_WARN_ENUM_CONVERSION = YES;
				CLANG_WARN_INFINITE_RECURSION = YES;
				CLANG_WARN_INT_CONVERSION = YES;
				CLANG_WARN_NON_LITERAL_NULL_CONVERSION = YES;
				CLANG_WARN_OBJC_IMPLICIT_RETAIN_SELF = YES;
				CLANG_WARN_OBJC_LITERAL_CONVERSION = YES;
				CLANG_WARN_OBJC_ROOT_CLASS = YES_ERROR;
				CLANG_WARN_QUOTED_INCLUDE_IN_FRAMEWORK_HEADER = YES;
				CLANG_WARN_RANGE_LOOP_ANALYSIS = YES;
				CLANG_WARN_STRICT_PROTOTYPES = YES;
				CLANG_WARN_SUSPICIOUS_MOVE = YES;
				CLANG_WARN_UNGUARDED_AVAILABILITY = YES_AGGRESSIVE;
				CLANG_WARN_UNREACHABLE_CODE = YES;
				CLANG_WARN__DUPLICATE_METHOD_MATCH = YES;
				COPY_PHASE_STRIP = NO;
				DEBUG_INFORMATION_FORMAT = "dwarf-with-dsym";
				ENABLE_NS_ASSERTIONS = NO;
				ENABLE_STRICT_OBJC_MSGSEND = YES;
				ENABLE_USER_SCRIPT_SANDBOXING = YES;
				GCC_C_LANGUAGE_STANDARD = gnu17;
				GCC_NO_COMMON_BLOCKS = YES;
				GCC_WARN_64_TO_32_BIT_CONVERSION = YES;
				GCC_WARN_ABOUT_RETURN_TYPE = YES_ERROR;
				GCC_WARN_UNDECLARED_SELECTOR = YES;
				GCC_WARN_UNINITIALIZED_AUTOS = YES_AGGRESSIVE;
				GCC_WARN_UNUSED_FUNCTION = YES;
				GCC_WARN_UNUSED_VARIABLE = YES;
				IPHONEOS_DEPLOYMENT_TARGET = 17.0;
				LOCALIZATION_PREFERS_STRING_CATALOGS = YES;
				MTL_ENABLE_DEBUG_INFO = NO;
				MTL_FAST_MATH = YES;
				SDKROOT = iphoneos;
				SWIFT_COMPILATION_MODE = wholemodule;
				VALIDATE_PRODUCT = YES;
			};
			name = Release;
		};
		8F943BDF2B5D02C000671C93 /* Debug */ = {
			isa = XCBuildConfiguration;
			buildSettings = {
				ASSETCATALOG_COMPILER_APPICON_NAME = AppIcon;
				ASSETCATALOG_COMPILER_GLOBAL_ACCENT_COLOR_NAME = AccentColor;
				CODE_SIGN_STYLE = Automatic;
				CURRENT_PROJECT_VERSION = 1;
				DEVELOPMENT_ASSET_PATHS = "\"TicTacToe/Preview Content\"";
				ENABLE_PREVIEWS = YES;
				GENERATE_INFOPLIST_FILE = YES;
				INFOPLIST_KEY_UIApplicationSceneManifest_Generation = YES;
				INFOPLIST_KEY_UIApplicationSupportsIndirectInputEvents = YES;
				INFOPLIST_KEY_UILaunchScreen_Generation = YES;
				INFOPLIST_KEY_UISupportedInterfaceOrientations_iPad = "UIInterfaceOrientationPortrait UIInterfaceOrientationPortraitUpsideDown UIInterfaceOrientationLandscapeLeft UIInterfaceOrientationLandscapeRight";
				INFOPLIST_KEY_UISupportedInterfaceOrientations_iPhone = "UIInterfaceOrientationPortrait UIInterfaceOrientationLandscapeLeft UIInterfaceOrientationLandscapeRight";
				LD_RUNPATH_SEARCH_PATHS = (
					"$(inherited)",
					"@executable_path/Frameworks",
				);
				MARKETING_VERSION = 1.0;
				PRODUCT_BUNDLE_IDENTIFIER = "for-fun.TicTacToe";
				PRODUCT_NAME = "$(TARGET_NAME)";
				SWIFT_EMIT_LOC_STRINGS = YES;
				SWIFT_VERSION = 5.0;
				TARGETED_DEVICE_FAMILY = "1,2";
			};
			name = Debug;
		};
		8F943BE02B5D02C000671C93 /* Release */ = {
			isa = XCBuildConfiguration;
			buildSettings = {
				ASSETCATALOG_COMPILER_APPICON_NAME = AppIcon;
				ASSETCATALOG_COMPILER_GLOBAL_ACCENT_COLOR_NAME = AccentColor;
				CODE_SIGN_STYLE = Automatic;
				CURRENT_PROJECT_VERSION = 1;
				DEVELOPMENT_ASSET_PATHS = "\"TicTacToe/Preview Content\"";
				ENABLE_PREVIEWS = YES;
				GENERATE_INFOPLIST_FILE = YES;
				INFOPLIST_KEY_UIApplicationSceneManifest_Generation = YES;
				INFOPLIST_KEY_UIApplicationSupportsIndirectInputEvents = YES;
				INFOPLIST_KEY_UILaunchScreen_Generation = YES;
				INFOPLIST_KEY_UISupportedInterfaceOrientations_iPad = "UIInterfaceOrientationPortrait UIInterfaceOrientationPortraitUpsideDown UIInterfaceOrientationLandscapeLeft UIInterfaceOrientationLandscapeRight";
				INFOPLIST_KEY_UISupportedInterfaceOrientations_iPhone = "UIInterfaceOrientationPortrait UIInterfaceOrientationLandscapeLeft UIInterfaceOrientationLandscapeRight";
				LD_RUNPATH_SEARCH_PATHS = (
					"$(inherited)",
					"@executable_path/Frameworks",
				);
				MARKETING_VERSION = 1.0;
				PRODUCT_BUNDLE_IDENTIFIER = "for-fun.TicTacToe";
				PRODUCT_NAME = "$(TARGET_NAME)";
				SWIFT_EMIT_LOC_STRINGS = YES;
				SWIFT_VERSION = 5.0;
				TARGETED_DEVICE_FAMILY = "1,2";
			};
			name = Release;
		};
/* End XCBuildConfiguration section */

/* Begin XCConfigurationList section */
		8F943BCB2B5D02BE00671C93 /* Build configuration list for PBXProject "TicTacToe" */ = {
			isa = XCConfigurationList;
			buildConfigurations = (
				8F943BDC2B5D02C000671C93 /* Debug */,
				8F943BDD2B5D02C000671C93 /* Release */,
			);
			defaultConfigurationIsVisible = 0;
			defaultConfigurationName = Release;
		};
		8F943BDE2B5D02C000671C93 /* Build configuration list for PBXNativeTarget "TicTacToe" */ = {
			isa = XCConfigurationList;
			buildConfigurations = (
				8F943BDF2B5D02C000671C93 /* Debug */,
				8F943BE02B5D02C000671C93 /* Release */,
			);
			defaultConfigurationIsVisible = 0;
			defaultConfigurationName = Release;
		};
/* End XCConfigurationList section */
	};
	rootObject = 8F943BC82B5D02BE00671C93 /* Project object */;
}
